
Microsoft Visual Studio Solution File, Format Version 12.00
# Visual Studio Version 17
VisualStudioVersion = 17.6.33815.320
MinimumVisualStudioVersion = 10.0.40219.1
Project("{FAE04EC0-301F-11D3-BF4B-00C04F79EFBC}") = "DiziYorumProje", "DiziYorumProje\DiziYorumProje.csproj", "{1AD24A94-13E7-4088-B874-0B1D1BECB62C}"
EndProject
Global
	GlobalSection(SolutionConfigurationPlatforms) = preSolution
		Debug|Any CPU = Debug|Any CPU
		Release|Any CPU = Release|Any CPU
	EndGlobalSection
	GlobalSection(ProjectConfigurationPlatforms) = postSolution
		{1AD24A94-13E7-4088-B874-0B1D1BECB62C}.Debug|Any CPU.ActiveCfg = Debug|Any CPU
		{1AD24A94-13E7-4088-B874-0B1D1BECB62C}.Debug|Any CPU.Build.0 = Debug|Any CPU
		{1AD24A94-13E7-4088-B874-0B1D1BECB62C}.Release|Any CPU.ActiveCfg = Release|Any CPU
		{1AD24A94-13E7-4088-B874-0B1D1BECB62C}.Release|Any CPU.Build.0 = Release|Any CPU
	EndGlobalSection
	GlobalSection(SolutionProperties) = preSolution
		HideSolutionNode = FALSE
	EndGlobalSection
	GlobalSection(ExtensibilityGlobals) = postSolution
		SolutionGuid = {322DF669-15D8-4ECD-98BC-5B446EA5A247}
	EndGlobalSection
EndGlobal
